
Microsoft Visual Studio Solution File, Format Version 12.00
# Visual Studio Version 16
VisualStudioVersion = 16.0.32106.194
MinimumVisualStudioVersion = 10.0.40219.1
Project("{FAE04EC0-301F-11D3-BF4B-00C04F79EFBC}") = "AverageWeeklyUnitsByRegion", "AverageWeeklyUnitsByRegion.csproj", "{24C1D8A7-3DA4-416B-84B2-659975A58566}"
EndProject
Global
	GlobalSection(SolutionConfigurationPlatforms) = preSolution
		Debug|Any CPU = Debug|Any CPU
		Release|Any CPU = Release|Any CPU
	EndGlobalSection
	GlobalSection(ProjectConfigurationPlatforms) = postSolution
		{24C1D8A7-3DA4-416B-84B2-659975A58566}.Debug|Any CPU.ActiveCfg = Debug|Any CPU
		{24C1D8A7-3DA4-416B-84B2-659975A58566}.Debug|Any CPU.Build.0 = Debug|Any CPU
		{24C1D8A7-3DA4-416B-84B2-659975A58566}.Release|Any CPU.ActiveCfg = Release|Any CPU
		{24C1D8A7-3DA4-416B-84B2-659975A58566}.Release|Any CPU.Build.0 = Release|Any CPU
	EndGlobalSection
	GlobalSection(SolutionProperties) = preSolution
		HideSolutionNode = FALSE
	EndGlobalSection
	GlobalSection(ExtensibilityGlobals) = postSolution
		SolutionGuid = {0BD0D295-5970-4AC7-8DC5-6F60323D6293}
	EndGlobalSection
EndGlobal
